
Microsoft Visual Studio Solution File, Format Version 12.00
# Visual Studio Version 17
VisualStudioVersion = 17.5.33627.172
MinimumVisualStudioVersion = 10.0.40219.1
Project("{FAE04EC0-301F-11D3-BF4B-00C04F79EFBC}") = "SilkyWebGPU", "SilkyWebGPU\SilkyWebGPU.csproj", "{8066AFC4-5DB3-41E6-A0F0-568B20AABC2E}"
EndProject
Project("{FAE04EC0-301F-11D3-BF4B-00C04F79EFBC}") = "SilkyWebGPU.SourceGenerator", "SilkyWebGPU.SourceGenerator\SilkyWebGPU.SourceGenerator.csproj", "{54DACF24-C7FE-495F-A6A7-7D761834ED51}"
EndProject
Project("{FAE04EC0-301F-11D3-BF4B-00C04F79EFBC}") = "SilkyWebGPU.Test", "SilkyWebGPU.Test\SilkyWebGPU.Test.csproj", "{00616FE6-085B-4D8C-8866-0A811E91D28B}"
EndProject
Global
	GlobalSection(SolutionConfigurationPlatforms) = preSolution
		Debug|Any CPU = Debug|Any CPU
		Release|Any CPU = Release|Any CPU
	EndGlobalSection
	GlobalSection(ProjectConfigurationPlatforms) = postSolution
		{8066AFC4-5DB3-41E6-A0F0-568B20AABC2E}.Debug|Any CPU.ActiveCfg = Debug|Any CPU
		{8066AFC4-5DB3-41E6-A0F0-568B20AABC2E}.Debug|Any CPU.Build.0 = Debug|Any CPU
		{8066AFC4-5DB3-41E6-A0F0-568B20AABC2E}.Release|Any CPU.ActiveCfg = Release|Any CPU
		{8066AFC4-5DB3-41E6-A0F0-568B20AABC2E}.Release|Any CPU.Build.0 = Release|Any CPU
		{54DACF24-C7FE-495F-A6A7-7D761834ED51}.Debug|Any CPU.ActiveCfg = Debug|Any CPU
		{54DACF24-C7FE-495F-A6A7-7D761834ED51}.Debug|Any CPU.Build.0 = Debug|Any CPU
		{54DACF24-C7FE-495F-A6A7-7D761834ED51}.Release|Any CPU.ActiveCfg = Release|Any CPU
		{54DACF24-C7FE-495F-A6A7-7D761834ED51}.Release|Any CPU.Build.0 = Release|Any CPU
		{00616FE6-085B-4D8C-8866-0A811E91D28B}.Debug|Any CPU.ActiveCfg = Debug|Any CPU
		{00616FE6-085B-4D8C-8866-0A811E91D28B}.Debug|Any CPU.Build.0 = Debug|Any CPU
		{00616FE6-085B-4D8C-8866-0A811E91D28B}.Release|Any CPU.ActiveCfg = Release|Any CPU
		{00616FE6-085B-4D8C-8866-0A811E91D28B}.Release|Any CPU.Build.0 = Release|Any CPU
	EndGlobalSection
	GlobalSection(SolutionProperties) = preSolution
		HideSolutionNode = FALSE
	EndGlobalSection
	GlobalSection(ExtensibilityGlobals) = postSolution
		SolutionGuid = {EBA4D29C-665D-484D-9580-914613BB7F80}
	EndGlobalSection
EndGlobal
